{
  "name": "pico-store-workspace",
  "lockfileVersion": 3,
  "requires": true,
  "packages": {
    "": {
      "name": "pico-store-workspace",
      "workspaces": [
        "packages/*",
        "apps/*"
      ],
      "engines": {
        "node": ">=25"
      }
    },
    "apps/android": {
      "name": "@pico-store/android",
      "version": "0.1.0"
    },
    "apps/desktop": {
      "name": "@pico-store/desktop",
      "version": "0.1.0",
      "dependencies": {
        "@pico-store/shared": "0.1.0"
      },
      "bin": {
        "pico-store": "src/cli.js"
      }
    },
    "apps/website": {
      "name": "@pico-store/website",
      "version": "0.1.0",
      "dependencies": {
        "@pico-store/shared": "0.1.0"
      }
    },
    "node_modules/@pico-store/android": {
      "resolved": "apps/android",
      "link": true
    },
    "node_modules/@pico-store/desktop": {
      "resolved": "apps/desktop",
      "link": true
    },
    "node_modules/@pico-store/shared": {
      "resolved": "packages/shared",
      "link": true
    },
    "node_modules/@pico-store/website": {
      "resolved": "apps/website",
      "link": true
    },
    "packages/shared": {
      "name": "@pico-store/shared",
      "version": "0.1.0"
    }
  }
}
